// !$*UTF8*$!
{
	archiveVersion = 1;
	classes = {
	};
	objectVersion = 53;
	objects = {

/* Begin PBXBuildFile section */
		90CEA6B62989469C0096B82F /* ArrowWidget.swift in Sources */ = {isa = PBXBuildFile; fileRef = 90CEA6B52989469C0096B82F /* ArrowWidget.swift */; };
		90CEA6CA298949EC0096B82F /* KeySenderHelper.c in Sources */ = {isa = PBXBuildFile; fileRef = 90CEA6C7298949EC0096B82F /* KeySenderHelper.c */; };
		90CEA6CB298949EC0096B82F /* KeySender.swift in Sources */ = {isa = PBXBuildFile; fileRef = 90CEA6C9298949EC0096B82F /* KeySender.swift */; };
		95967BF092E0C5F1E2E4BC6A /* Pods_Arrow.framework in Frameworks */ = {isa = PBXBuildFile; fileRef = 1CF68CE154C85153CE6E9ABD /* Pods_Arrow.framework */; };
/* End PBXBuildFile section */

/* Begin PBXCopyFilesBuildPhase section */
		90CEA6D029894E700096B82F /* CopyFiles */ = {
			isa = PBXCopyFilesBuildPhase;
			buildActionMask = 2147483647;
			dstPath = "";
			dstSubfolderSpec = 7;
			files = (
			);
			runOnlyForDeploymentPostprocessing = 0;
		};
/* End PBXCopyFilesBuildPhase section */

/* Begin PBXFileReference section */
		1CF68CE154C85153CE6E9ABD /* Pods_Arrow.framework */ = {isa = PBXFileReference; explicitFileType = wrapper.framework; includeInIndex = 0; path = Pods_Arrow.framework; sourceTree = BUILT_PRODUCTS_DIR; };
		84ED99F119D16088036241D9 /* Pods-Arrow.release.xcconfig */ = {isa = PBXFileReference; includeInIndex = 1; lastKnownFileType = text.xcconfig; name = "Pods-Arrow.release.xcconfig"; path = "Target Support Files/Pods-Arrow/Pods-Arrow.release.xcconfig"; sourceTree = "<group>"; };
		90CEA6B12989469C0096B82F /* Arrow.pock */ = {isa = PBXFileReference; explicitFileType = wrapper.cfbundle; includeInIndex = 0; path = Arrow.pock; sourceTree = BUILT_PRODUCTS_DIR; };
		90CEA6B52989469C0096B82F /* ArrowWidget.swift */ = {isa = PBXFileReference; lastKnownFileType = sourcecode.swift; path = ArrowWidget.swift; sourceTree = "<group>"; };
		90CEA6B72989469C0096B82F /* Podfile */ = {isa = PBXFileReference; lastKnownFileType = text; name = Podfile; path = ../Podfile; sourceTree = "<group>"; xcLanguageSpecificationIdentifier = xcode.lang.ruby; };
		90CEA6B82989469C0096B82F /* Info.plist */ = {isa = PBXFileReference; lastKnownFileType = text.plist.xml; path = Info.plist; sourceTree = "<group>"; };
		90CEA6C7298949EC0096B82F /* KeySenderHelper.c */ = {isa = PBXFileReference; fileEncoding = 4; lastKnownFileType = sourcecode.c.c; path = KeySenderHelper.c; sourceTree = "<group>"; };
		90CEA6C8298949EC0096B82F /* KeySenderHelper.h */ = {isa = PBXFileReference; fileEncoding = 4; lastKnownFileType = sourcecode.c.h; name = KeySenderHelper.h; path = Arrow/Sources/KeySenderHelper/KeySenderHelper.h; sourceTree = SOURCE_ROOT; };
		90CEA6C9298949EC0096B82F /* KeySender.swift */ = {isa = PBXFileReference; fileEncoding = 4; lastKnownFileType = sourcecode.swift; path = KeySender.swift; sourceTree = "<group>"; };
		90CEA6D6298951080096B82F /* Bridging-Header.h */ = {isa = PBXFileReference; fileEncoding = 4; lastKnownFileType = sourcecode.c.h; path = "Bridging-Header.h"; sourceTree = "<group>"; };
		C68D7DBA4B35FFAB478EA6FE /* Pods-Arrow.debug.xcconfig */ = {isa = PBXFileReference; includeInIndex = 1; lastKnownFileType = text.xcconfig; name = "Pods-Arrow.debug.xcconfig"; path = "Target Support Files/Pods-Arrow/Pods-Arrow.debug.xcconfig"; sourceTree = "<group>"; };
/* End PBXFileReference section */

/* Begin PBXFrameworksBuildPhase section */
		90CEA6AD2989469C0096B82F /* Frameworks */ = {
			isa = PBXFrameworksBuildPhase;
			buildActionMask = 2147483647;
			files = (
				95967BF092E0C5F1E2E4BC6A /* Pods_Arrow.framework in Frameworks */,
			);
			runOnlyForDeploymentPostprocessing = 0;
		};
/* End PBXFrameworksBuildPhase section */

/* Begin PBXGroup section */
		892C116F6B36BD222C151199 /* Pods */ = {
			isa = PBXGroup;
			children = (
				C68D7DBA4B35FFAB478EA6FE /* Pods-Arrow.debug.xcconfig */,
				84ED99F119D16088036241D9 /* Pods-Arrow.release.xcconfig */,
			);
			path = Pods;
			sourceTree = "<group>";
		};
		90CEA6A72989469C0096B82F = {
			isa = PBXGroup;
			children = (
				90CEA6B32989469C0096B82F /* Arrow */,
				90CEA6B22989469C0096B82F /* Products */,
				892C116F6B36BD222C151199 /* Pods */,
				B19670710491B96B7A28E613 /* Frameworks */,
			);
			sourceTree = "<group>";
		};
		90CEA6B22989469C0096B82F /* Products */ = {
			isa = PBXGroup;
			children = (
				90CEA6B12989469C0096B82F /* Arrow.pock */,
			);
			name = Products;
			sourceTree = "<group>";
		};
		90CEA6B32989469C0096B82F /* Arrow */ = {
			isa = PBXGroup;
			children = (
				90CEA6B72989469C0096B82F /* Podfile */,
				90CEA6B82989469C0096B82F /* Info.plist */,
				90CEA6B42989469C0096B82F /* Sources */,
			);
			path = Arrow;
			sourceTree = "<group>";
		};
		90CEA6B42989469C0096B82F /* Sources */ = {
			isa = PBXGroup;
			children = (
				90CEA6C12989496E0096B82F /* KeySenderHelper */,
				90CEA6B52989469C0096B82F /* ArrowWidget.swift */,
				90CEA6D6298951080096B82F /* Bridging-Header.h */,
			);
			path = Sources;
			sourceTree = "<group>";
		};
		90CEA6C12989496E0096B82F /* KeySenderHelper */ = {
			isa = PBXGroup;
			children = (
				90CEA6C9298949EC0096B82F /* KeySender.swift */,
				90CEA6C7298949EC0096B82F /* KeySenderHelper.c */,
				90CEA6C8298949EC0096B82F /* KeySenderHelper.h */,
			);
			path = KeySenderHelper;
			sourceTree = "<group>";
		};
		B19670710491B96B7A28E613 /* Frameworks */ = {
			isa = PBXGroup;
			children = (
				1CF68CE154C85153CE6E9ABD /* Pods_Arrow.framework */,
			);
			name = Frameworks;
			sourceTree = "<group>";
		};
/* End PBXGroup section */

/* Begin PBXHeadersBuildPhase section */
		90CEA6CF29894DAD0096B82F /* Headers */ = {
			isa = PBXHeadersBuildPhase;
			buildActionMask = 2147483647;
			files = (
			);
			runOnlyForDeploymentPostprocessing = 0;
		};
/* End PBXHeadersBuildPhase section */

/* Begin PBXNativeTarget section */
		90CEA6B02989469C0096B82F /* Arrow */ = {
			isa = PBXNativeTarget;
			buildConfigurationList = 90CEA6BB2989469C0096B82F /* Build configuration list for PBXNativeTarget "Arrow" */;
			buildPhases = (
				1358649C92F71EAC5EEF286E /* [CP] Check Pods Manifest.lock */,
				90CEA6CF29894DAD0096B82F /* Headers */,
				90CEA6AC2989469C0096B82F /* Sources */,
				90CEA6AD2989469C0096B82F /* Frameworks */,
				90CEA6AE2989469C0096B82F /* Resources */,
				90CEA6AF2989469C0096B82F /* [PK] Install widget */,
				90CEA6D029894E700096B82F /* CopyFiles */,
			);
			buildRules = (
			);
			dependencies = (
			);
			name = Arrow;
			productName = Arrow;
			productReference = 90CEA6B12989469C0096B82F /* Arrow.pock */;
			productType = "com.apple.product-type.bundle";
		};
/* End PBXNativeTarget section */

/* Begin PBXProject section */
		90CEA6A82989469C0096B82F /* Project object */ = {
			isa = PBXProject;
			attributes = {
				BuildIndependentTargetsInParallel = 1;
				LastSwiftUpdateCheck = 1420;
				LastUpgradeCheck = 1420;
				TargetAttributes = {
					90CEA6B02989469C0096B82F = {
						CreatedOnToolsVersion = 14.2;
					};
				};
			};
			buildConfigurationList = 90CEA6AB2989469C0096B82F /* Build configuration list for PBXProject "Arrow" */;
			compatibilityVersion = "Xcode 10.0";
			developmentRegion = en;
			hasScannedForEncodings = 0;
			knownRegions = (
				en,
				Base,
			);
			mainGroup = 90CEA6A72989469C0096B82F;
			productRefGroup = 90CEA6B22989469C0096B82F /* Products */;
			projectDirPath = "";
			projectRoot = "";
			targets = (
				90CEA6B02989469C0096B82F /* Arrow */,
			);
		};
/* End PBXProject section */

/* Begin PBXResourcesBuildPhase section */
		90CEA6AE2989469C0096B82F /* Resources */ = {
			isa = PBXResourcesBuildPhase;
			buildActionMask = 2147483647;
			files = (
			);
			runOnlyForDeploymentPostprocessing = 0;
		};
/* End PBXResourcesBuildPhase section */

/* Begin PBXShellScriptBuildPhase section */
		1358649C92F71EAC5EEF286E /* [CP] Check Pods Manifest.lock */ = {
			isa = PBXShellScriptBuildPhase;
			buildActionMask = 2147483647;
			files = (
			);
			inputFileListPaths = (
			);
			inputPaths = (
				"${PODS_PODFILE_DIR_PATH}/Podfile.lock",
				"${PODS_ROOT}/Manifest.lock",
			);
			name = "[CP] Check Pods Manifest.lock";
			outputFileListPaths = (
			);
			outputPaths = (
				"$(DERIVED_FILE_DIR)/Pods-Arrow-checkManifestLockResult.txt",
			);
			runOnlyForDeploymentPostprocessing = 0;
			shellPath = /bin/sh;
			shellScript = "diff \"${PODS_PODFILE_DIR_PATH}/Podfile.lock\" \"${PODS_ROOT}/Manifest.lock\" > /dev/null\nif [ $? != 0 ] ; then\n    # print error to STDERR\n    echo \"error: The sandbox is not in sync with the Podfile.lock. Run 'pod install' or update your CocoaPods installation.\" >&2\n    exit 1\nfi\n# This output is used by Xcode 'outputs' to avoid re-running this script phase.\necho \"SUCCESS\" > \"${SCRIPT_OUTPUT_FILE_0}\"\n";
			showEnvVarsInLog = 0;
		};
		90CEA6AF2989469C0096B82F /* [PK] Install widget */ = {
			isa = PBXShellScriptBuildPhase;
			buildActionMask = 2147483647;
			files = (
			);
			inputFileListPaths = (
			);
			inputPaths = (
			);
			name = "[PK] Install widget";
			outputFileListPaths = (
			);
			outputPaths = (
			);
			runOnlyForDeploymentPostprocessing = 0;
			shellPath = /bin/sh;
			shellScript = "# Install widget.\necho \"[${PRODUCT_NAME}.pock] Starting installation\"\nFILEPATH=$TARGET_BUILD_DIR/$PRODUCT_NAME.pock \nopen \"$FILEPATH\"\n";
		};
/* End PBXShellScriptBuildPhase section */

/* Begin PBXSourcesBuildPhase section */
		90CEA6AC2989469C0096B82F /* Sources */ = {
			isa = PBXSourcesBuildPhase;
			buildActionMask = 2147483647;
			files = (
				90CEA6CA298949EC0096B82F /* KeySenderHelper.c in Sources */,
				90CEA6CB298949EC0096B82F /* KeySender.swift in Sources */,
				90CEA6B62989469C0096B82F /* ArrowWidget.swift in Sources */,
			);
			runOnlyForDeploymentPostprocessing = 0;
		};
/* End PBXSourcesBuildPhase section */

/* Begin XCBuildConfiguration section */
		90CEA6B92989469C0096B82F /* Debug */ = {
			isa = XCBuildConfiguration;
			buildSettings = {
				ALWAYS_SEARCH_USER_PATHS = NO;
				CLANG_ANALYZER_NONNULL = YES;
				CLANG_ANALYZER_NUMBER_OBJECT_CONVERSION = YES_AGGRESSIVE;
				CLANG_CXX_LANGUAGE_STANDARD = "gnu++20";
				CLANG_ENABLE_MODULES = YES;
				CLANG_ENABLE_OBJC_ARC = YES;
				CLANG_ENABLE_OBJC_WEAK = YES;
				CLANG_WARN_BLOCK_CAPTURE_AUTORELEASING = YES;
				CLANG_WARN_BOOL_CONVERSION = YES;
				CLANG_WARN_COMMA = YES;
				CLANG_WARN_CONSTANT_CONVERSION = YES;
				CLANG_WARN_DEPRECATED_OBJC_IMPLEMENTATIONS = YES;
				CLANG_WARN_DIRECT_OBJC_ISA_USAGE = YES_ERROR;
				CLANG_WARN_DOCUMENTATION_COMMENTS = YES;
				CLANG_WARN_EMPTY_BODY = YES;
				CLANG_WARN_ENUM_CONVERSION = YES;
				CLANG_WARN_INFINITE_RECURSION = YES;
				CLANG_WARN_INT_CONVERSION = YES;
				CLANG_WARN_NON_LITERAL_NULL_CONVERSION = YES;
				CLANG_WARN_OBJC_IMPLICIT_RETAIN_SELF = YES;
				CLANG_WARN_OBJC_LITERAL_CONVERSION = YES;
				CLANG_WARN_OBJC_ROOT_CLASS = YES_ERROR;
				CLANG_WARN_QUOTED_INCLUDE_IN_FRAMEWORK_HEADER = YES;
				CLANG_WARN_RANGE_LOOP_ANALYSIS = YES;
				CLANG_WARN_STRICT_PROTOTYPES = YES;
				CLANG_WARN_SUSPICIOUS_MOVE = YES;
				CLANG_WARN_UNGUARDED_AVAILABILITY = YES_AGGRESSIVE;
				CLANG_WARN_UNREACHABLE_CODE = YES;
				CLANG_WARN__DUPLICATE_METHOD_MATCH = YES;
				COPY_PHASE_STRIP = NO;
				DEBUG_INFORMATION_FORMAT = dwarf;
				ENABLE_STRICT_OBJC_MSGSEND = YES;
				ENABLE_TESTABILITY = YES;
				GCC_C_LANGUAGE_STANDARD = gnu11;
				GCC_DYNAMIC_NO_PIC = NO;
				GCC_NO_COMMON_BLOCKS = YES;
				GCC_OPTIMIZATION_LEVEL = 0;
				GCC_PREPROCESSOR_DEFINITIONS = (
					"DEBUG=1",
					"$(inherited)",
				);
				GCC_WARN_64_TO_32_BIT_CONVERSION = YES;
				GCC_WARN_ABOUT_RETURN_TYPE = YES_ERROR;
				GCC_WARN_UNDECLARED_SELECTOR = YES;
				GCC_WARN_UNINITIALIZED_AUTOS = YES_AGGRESSIVE;
				GCC_WARN_UNUSED_FUNCTION = YES;
				GCC_WARN_UNUSED_VARIABLE = YES;
				MACOSX_DEPLOYMENT_TARGET = 13.0;
				MTL_ENABLE_DEBUG_INFO = INCLUDE_SOURCE;
				MTL_FAST_MATH = YES;
				ONLY_ACTIVE_ARCH = YES;
				SDKROOT = macosx;
				SWIFT_OBJC_BRIDGING_HEADER = "/Users/rni/Arrow/Arrow/Sources/Bridging-Header.h";
			};
			name = Debug;
		};
		90CEA6BA2989469C0096B82F /* Release */ = {
			isa = XCBuildConfiguration;
			buildSettings = {
				ALWAYS_SEARCH_USER_PATHS = NO;
				CLANG_ANALYZER_NONNULL = YES;
				CLANG_ANALYZER_NUMBER_OBJECT_CONVERSION = YES_AGGRESSIVE;
				CLANG_CXX_LANGUAGE_STANDARD = "gnu++20";
				CLANG_ENABLE_MODULES = YES;
				CLANG_ENABLE_OBJC_ARC = YES;
				CLANG_ENABLE_OBJC_WEAK = YES;
				CLANG_WARN_BLOCK_CAPTURE_AUTORELEASING = YES;
				CLANG_WARN_BOOL_CONVERSION = YES;
				CLANG_WARN_COMMA = YES;
				CLANG_WARN_CONSTANT_CONVERSION = YES;
				CLANG_WARN_DEPRECATED_OBJC_IMPLEMENTATIONS = YES;
				CLANG_WARN_DIRECT_OBJC_ISA_USAGE = YES_ERROR;
				CLANG_WARN_DOCUMENTATION_COMMENTS = YES;
				CLANG_WARN_EMPTY_BODY = YES;
				CLANG_WARN_ENUM_CONVERSION = YES;
				CLANG_WARN_INFINITE_RECURSION = YES;
				CLANG_WARN_INT_CONVERSION = YES;
				CLANG_WARN_NON_LITERAL_NULL_CONVERSION = YES;
				CLANG_WARN_OBJC_IMPLICIT_RETAIN_SELF = YES;
				CLANG_WARN_OBJC_LITERAL_CONVERSION = YES;
				CLANG_WARN_OBJC_ROOT_CLASS = YES_ERROR;
				CLANG_WARN_QUOTED_INCLUDE_IN_FRAMEWORK_HEADER = YES;
				CLANG_WARN_RANGE_LOOP_ANALYSIS = YES;
				CLANG_WARN_STRICT_PROTOTYPES = YES;
				CLANG_WARN_SUSPICIOUS_MOVE = YES;
				CLANG_WARN_UNGUARDED_AVAILABILITY = YES_AGGRESSIVE;
				CLANG_WARN_UNREACHABLE_CODE = YES;
				CLANG_WARN__DUPLICATE_METHOD_MATCH = YES;
				COPY_PHASE_STRIP = NO;
				DEBUG_INFORMATION_FORMAT = "dwarf-with-dsym";
				ENABLE_NS_ASSERTIONS = NO;
				ENABLE_STRICT_OBJC_MSGSEND = YES;
				GCC_C_LANGUAGE_STANDARD = gnu11;
				GCC_NO_COMMON_BLOCKS = YES;
				GCC_WARN_64_TO_32_BIT_CONVERSION = YES;
				GCC_WARN_ABOUT_RETURN_TYPE = YES_ERROR;
				GCC_WARN_UNDECLARED_SELECTOR = YES;
				GCC_WARN_UNINITIALIZED_AUTOS = YES_AGGRESSIVE;
				GCC_WARN_UNUSED_FUNCTION = YES;
				GCC_WARN_UNUSED_VARIABLE = YES;
				MACOSX_DEPLOYMENT_TARGET = 13.0;
				MTL_ENABLE_DEBUG_INFO = NO;
				MTL_FAST_MATH = YES;
				SDKROOT = macosx;
				SWIFT_OBJC_BRIDGING_HEADER = "/Users/rni/Arrow/Arrow/Sources/Bridging-Header.h";
			};
			name = Release;
		};
		90CEA6BC2989469C0096B82F /* Debug */ = {
			isa = XCBuildConfiguration;
			baseConfigurationReference = C68D7DBA4B35FFAB478EA6FE /* Pods-Arrow.debug.xcconfig */;
			buildSettings = {
				ALWAYS_EMBED_SWIFT_STANDARD_LIBRARIES = YES;
				CODE_SIGN_STYLE = Automatic;
				COMBINE_HIDPI_IMAGES = YES;
				CURRENT_PROJECT_VERSION = 1;
				GENERATE_INFOPLIST_FILE = YES;
				INFOPLIST_FILE = Arrow/Info.plist;
				INSTALL_PATH = "$(LOCAL_LIBRARY_DIR)/Application\\ Support/Pock/Widgets";
				MARKETING_VERSION = 1.0;
				PRODUCT_BUNDLE_IDENTIFIER = com.github.remonova.Arrow;
				PRODUCT_NAME = "$(TARGET_NAME)";
				SWIFT_EMIT_LOC_STRINGS = YES;
				SWIFT_VERSION = 5.0;
				WRAPPER_EXTENSION = pock;
			};
			name = Debug;
		};
		90CEA6BD2989469C0096B82F /* Release */ = {
			isa = XCBuildConfiguration;
			baseConfigurationReference = 84ED99F119D16088036241D9 /* Pods-Arrow.release.xcconfig */;
			buildSettings = {
				ALWAYS_EMBED_SWIFT_STANDARD_LIBRARIES = YES;
				CODE_SIGN_STYLE = Automatic;
				COMBINE_HIDPI_IMAGES = YES;
				CURRENT_PROJECT_VERSION = 1;
				GENERATE_INFOPLIST_FILE = YES;
				INFOPLIST_FILE = Arrow/Info.plist;
				INSTALL_PATH = "$(LOCAL_LIBRARY_DIR)/Application\\ Support/Pock/Widgets";
				MARKETING_VERSION = 1.0;
				PRODUCT_BUNDLE_IDENTIFIER = com.github.remonova.Arrow;
				PRODUCT_NAME = "$(TARGET_NAME)";
				SWIFT_EMIT_LOC_STRINGS = YES;
				SWIFT_VERSION = 5.0;
				WRAPPER_EXTENSION = pock;
			};
			name = Release;
		};
/* End XCBuildConfiguration section */

/* Begin XCConfigurationList section */
		90CEA6AB2989469C0096B82F /* Build configuration list for PBXProject "Arrow" */ = {
			isa = XCConfigurationList;
			buildConfigurations = (
				90CEA6B92989469C0096B82F /* Debug */,
				90CEA6BA2989469C0096B82F /* Release */,
			);
			defaultConfigurationIsVisible = 0;
			defaultConfigurationName = Release;
		};
		90CEA6BB2989469C0096B82F /* Build configuration list for PBXNativeTarget "Arrow" */ = {
			isa = XCConfigurationList;
			buildConfigurations = (
				90CEA6BC2989469C0096B82F /* Debug */,
				90CEA6BD2989469C0096B82F /* Release */,
			);
			defaultConfigurationIsVisible = 0;
			defaultConfigurationName = Release;
		};
/* End XCConfigurationList section */
	};
	rootObject = 90CEA6A82989469C0096B82F /* Project object */;
}
